
Microsoft Visual Studio Solution File, Format Version 12.00
# Visual Studio 15
VisualStudioVersion = 15.0.27004.2006
MinimumVisualStudioVersion = 10.0.40219.1
Project("{FAE04EC0-301F-11D3-BF4B-00C04F79EFBC}") = "AwsSampleIssue", "AwsSampleIssue\AwsSampleIssue.csproj", "{4D697486-E733-4DA5-A723-BC7B88C7641F}"
EndProject
Global
	GlobalSection(SolutionConfigurationPlatforms) = preSolution
		Debug|ARM = Debug|ARM
		Debug|x64 = Debug|x64
		Debug|x86 = Debug|x86
		Release|ARM = Release|ARM
		Release|x64 = Release|x64
		Release|x86 = Release|x86
	EndGlobalSection
	GlobalSection(ProjectConfigurationPlatforms) = postSolution
		{4D697486-E733-4DA5-A723-BC7B88C7641F}.Debug|ARM.ActiveCfg = Debug|ARM
		{4D697486-E733-4DA5-A723-BC7B88C7641F}.Debug|ARM.Build.0 = Debug|ARM
		{4D697486-E733-4DA5-A723-BC7B88C7641F}.Debug|ARM.Deploy.0 = Debug|ARM
		{4D697486-E733-4DA5-A723-BC7B88C7641F}.Debug|x64.ActiveCfg = Debug|x64
		{4D697486-E733-4DA5-A723-BC7B88C7641F}.Debug|x64.Build.0 = Debug|x64
		{4D697486-E733-4DA5-A723-BC7B88C7641F}.Debug|x64.Deploy.0 = Debug|x64
		{4D697486-E733-4DA5-A723-BC7B88C7641F}.Debug|x86.ActiveCfg = Debug|x86
		{4D697486-E733-4DA5-A723-BC7B88C7641F}.Debug|x86.Build.0 = Debug|x86
		{4D697486-E733-4DA5-A723-BC7B88C7641F}.Debug|x86.Deploy.0 = Debug|x86
		{4D697486-E733-4DA5-A723-BC7B88C7641F}.Release|ARM.ActiveCfg = Release|ARM
		{4D697486-E733-4DA5-A723-BC7B88C7641F}.Release|ARM.Build.0 = Release|ARM
		{4D697486-E733-4DA5-A723-BC7B88C7641F}.Release|ARM.Deploy.0 = Release|ARM
		{4D697486-E733-4DA5-A723-BC7B88C7641F}.Release|x64.ActiveCfg = Release|x64
		{4D697486-E733-4DA5-A723-BC7B88C7641F}.Release|x64.Build.0 = Release|x64
		{4D697486-E733-4DA5-A723-BC7B88C7641F}.Release|x64.Deploy.0 = Release|x64
		{4D697486-E733-4DA5-A723-BC7B88C7641F}.Release|x86.ActiveCfg = Release|x86
		{4D697486-E733-4DA5-A723-BC7B88C7641F}.Release|x86.Build.0 = Release|x86
		{4D697486-E733-4DA5-A723-BC7B88C7641F}.Release|x86.Deploy.0 = Release|x86
	EndGlobalSection
	GlobalSection(SolutionProperties) = preSolution
		HideSolutionNode = FALSE
	EndGlobalSection
	GlobalSection(ExtensibilityGlobals) = postSolution
		SolutionGuid = {5BB74D1C-9AE5-4E9D-AD99-45B856AD3560}
	EndGlobalSection
EndGlobal
